// !$*UTF8*$!
{
	archiveVersion = 1;
	classes = {
	};
	objectVersion = 56;
	objects = {

/* Begin PBXBuildFile section */
		C873ADB78D78920F6F502691 /* Pods_FoursquareClone.framework in Frameworks */ = {isa = PBXBuildFile; fileRef = 99506A94E4BEE9AB3AA84D63 /* Pods_FoursquareClone.framework */; };
		D8924C0C29C72010002322F2 /* AppDelegate.swift in Sources */ = {isa = PBXBuildFile; fileRef = D8924C0B29C72010002322F2 /* AppDelegate.swift */; };
		D8924C0E29C72010002322F2 /* SceneDelegate.swift in Sources */ = {isa = PBXBuildFile; fileRef = D8924C0D29C72010002322F2 /* SceneDelegate.swift */; };
		D8924C1029C72010002322F2 /* SignUpVC.swift in Sources */ = {isa = PBXBuildFile; fileRef = D8924C0F29C72010002322F2 /* SignUpVC.swift */; };
		D8924C1329C72010002322F2 /* Main.storyboard in Resources */ = {isa = PBXBuildFile; fileRef = D8924C1129C72010002322F2 /* Main.storyboard */; };
		D8924C1529C72011002322F2 /* Assets.xcassets in Resources */ = {isa = PBXBuildFile; fileRef = D8924C1429C72011002322F2 /* Assets.xcassets */; };
		D8924C1829C72011002322F2 /* LaunchScreen.storyboard in Resources */ = {isa = PBXBuildFile; fileRef = D8924C1629C72011002322F2 /* LaunchScreen.storyboard */; };
		D8924C2029C73714002322F2 /* PlacesVC.swift in Sources */ = {isa = PBXBuildFile; fileRef = D8924C1F29C73714002322F2 /* PlacesVC.swift */; };
		D8924C2229C73F15002322F2 /* AddPlaceVC.swift in Sources */ = {isa = PBXBuildFile; fileRef = D8924C2129C73F15002322F2 /* AddPlaceVC.swift */; };
		D8924C2429C827AC002322F2 /* MapVC.swift in Sources */ = {isa = PBXBuildFile; fileRef = D8924C2329C827AC002322F2 /* MapVC.swift */; };
		D8924C2629C9970A002322F2 /* DetailsVC.swift in Sources */ = {isa = PBXBuildFile; fileRef = D8924C2529C9970A002322F2 /* DetailsVC.swift */; };
/* End PBXBuildFile section */

/* Begin PBXFileReference section */
		99506A94E4BEE9AB3AA84D63 /* Pods_FoursquareClone.framework */ = {isa = PBXFileReference; explicitFileType = wrapper.framework; includeInIndex = 0; path = Pods_FoursquareClone.framework; sourceTree = BUILT_PRODUCTS_DIR; };
		A60521C4E43DA9CB4D6E226E /* Pods-FoursquareClone.release.xcconfig */ = {isa = PBXFileReference; includeInIndex = 1; lastKnownFileType = text.xcconfig; name = "Pods-FoursquareClone.release.xcconfig"; path = "Target Support Files/Pods-FoursquareClone/Pods-FoursquareClone.release.xcconfig"; sourceTree = "<group>"; };
		A616DB3E3336FCA49814F07F /* Pods-FoursquareClone.debug.xcconfig */ = {isa = PBXFileReference; includeInIndex = 1; lastKnownFileType = text.xcconfig; name = "Pods-FoursquareClone.debug.xcconfig"; path = "Target Support Files/Pods-FoursquareClone/Pods-FoursquareClone.debug.xcconfig"; sourceTree = "<group>"; };
		D8924C0829C72010002322F2 /* FoursquareClone.app */ = {isa = PBXFileReference; explicitFileType = wrapper.application; includeInIndex = 0; path = FoursquareClone.app; sourceTree = BUILT_PRODUCTS_DIR; };
		D8924C0B29C72010002322F2 /* AppDelegate.swift */ = {isa = PBXFileReference; lastKnownFileType = sourcecode.swift; path = AppDelegate.swift; sourceTree = "<group>"; };
		D8924C0D29C72010002322F2 /* SceneDelegate.swift */ = {isa = PBXFileReference; lastKnownFileType = sourcecode.swift; path = SceneDelegate.swift; sourceTree = "<group>"; };
		D8924C0F29C72010002322F2 /* SignUpVC.swift */ = {isa = PBXFileReference; lastKnownFileType = sourcecode.swift; path = SignUpVC.swift; sourceTree = "<group>"; };
		D8924C1229C72010002322F2 /* Base */ = {isa = PBXFileReference; lastKnownFileType = file.storyboard; name = Base; path = Base.lproj/Main.storyboard; sourceTree = "<group>"; };
		D8924C1429C72011002322F2 /* Assets.xcassets */ = {isa = PBXFileReference; lastKnownFileType = folder.assetcatalog; path = Assets.xcassets; sourceTree = "<group>"; };
		D8924C1729C72011002322F2 /* Base */ = {isa = PBXFileReference; lastKnownFileType = file.storyboard; name = Base; path = Base.lproj/LaunchScreen.storyboard; sourceTree = "<group>"; };
		D8924C1929C72011002322F2 /* Info.plist */ = {isa = PBXFileReference; lastKnownFileType = text.plist.xml; path = Info.plist; sourceTree = "<group>"; };
		D8924C1F29C73714002322F2 /* PlacesVC.swift */ = {isa = PBXFileReference; lastKnownFileType = sourcecode.swift; path = PlacesVC.swift; sourceTree = "<group>"; };
		D8924C2129C73F15002322F2 /* AddPlaceVC.swift */ = {isa = PBXFileReference; lastKnownFileType = sourcecode.swift; path = AddPlaceVC.swift; sourceTree = "<group>"; };
		D8924C2329C827AC002322F2 /* MapVC.swift */ = {isa = PBXFileReference; lastKnownFileType = sourcecode.swift; path = MapVC.swift; sourceTree = "<group>"; };
		D8924C2529C9970A002322F2 /* DetailsVC.swift */ = {isa = PBXFileReference; lastKnownFileType = sourcecode.swift; path = DetailsVC.swift; sourceTree = "<group>"; };
/* End PBXFileReference section */

/* Begin PBXFrameworksBuildPhase section */
		D8924C0529C72010002322F2 /* Frameworks */ = {
			isa = PBXFrameworksBuildPhase;
			buildActionMask = 2147483647;
			files = (
				C873ADB78D78920F6F502691 /* Pods_FoursquareClone.framework in Frameworks */,
			);
			runOnlyForDeploymentPostprocessing = 0;
		};
/* End PBXFrameworksBuildPhase section */

/* Begin PBXGroup section */
		7E610D338589D2F5E16AD4E9 /* Frameworks */ = {
			isa = PBXGroup;
			children = (
				99506A94E4BEE9AB3AA84D63 /* Pods_FoursquareClone.framework */,
			);
			name = Frameworks;
			sourceTree = "<group>";
		};
		9DED4B7CF29EF7BA553CFA38 /* Pods */ = {
			isa = PBXGroup;
			children = (
				A616DB3E3336FCA49814F07F /* Pods-FoursquareClone.debug.xcconfig */,
				A60521C4E43DA9CB4D6E226E /* Pods-FoursquareClone.release.xcconfig */,
			);
			path = Pods;
			sourceTree = "<group>";
		};
		D8924BFF29C72010002322F2 = {
			isa = PBXGroup;
			children = (
				D8924C0A29C72010002322F2 /* FoursquareClone */,
				D8924C0929C72010002322F2 /* Products */,
				9DED4B7CF29EF7BA553CFA38 /* Pods */,
				7E610D338589D2F5E16AD4E9 /* Frameworks */,
			);
			sourceTree = "<group>";
		};
		D8924C0929C72010002322F2 /* Products */ = {
			isa = PBXGroup;
			children = (
				D8924C0829C72010002322F2 /* FoursquareClone.app */,
			);
			name = Products;
			sourceTree = "<group>";
		};
		D8924C0A29C72010002322F2 /* FoursquareClone */ = {
			isa = PBXGroup;
			children = (
				D8924C0B29C72010002322F2 /* AppDelegate.swift */,
				D8924C0D29C72010002322F2 /* SceneDelegate.swift */,
				D8924C0F29C72010002322F2 /* SignUpVC.swift */,
				D8924C1F29C73714002322F2 /* PlacesVC.swift */,
				D8924C2129C73F15002322F2 /* AddPlaceVC.swift */,
				D8924C2329C827AC002322F2 /* MapVC.swift */,
				D8924C2529C9970A002322F2 /* DetailsVC.swift */,
				D8924C1129C72010002322F2 /* Main.storyboard */,
				D8924C1429C72011002322F2 /* Assets.xcassets */,
				D8924C1629C72011002322F2 /* LaunchScreen.storyboard */,
				D8924C1929C72011002322F2 /* Info.plist */,
			);
			path = FoursquareClone;
			sourceTree = "<group>";
		};
/* End PBXGroup section */

/* Begin PBXNativeTarget section */
		D8924C0729C72010002322F2 /* FoursquareClone */ = {
			isa = PBXNativeTarget;
			buildConfigurationList = D8924C1C29C72011002322F2 /* Build configuration list for PBXNativeTarget "FoursquareClone" */;
			buildPhases = (
				30BDEC6004A2341C01C0D64B /* [CP] Check Pods Manifest.lock */,
				D8924C0429C72010002322F2 /* Sources */,
				D8924C0529C72010002322F2 /* Frameworks */,
				D8924C0629C72010002322F2 /* Resources */,
				ACD0F4BAE93B7D9211B35629 /* [CP] Embed Pods Frameworks */,
			);
			buildRules = (
			);
			dependencies = (
			);
			name = FoursquareClone;
			productName = FoursquareClone;
			productReference = D8924C0829C72010002322F2 /* FoursquareClone.app */;
			productType = "com.apple.product-type.application";
		};
/* End PBXNativeTarget section */

/* Begin PBXProject section */
		D8924C0029C72010002322F2 /* Project object */ = {
			isa = PBXProject;
			attributes = {
				BuildIndependentTargetsInParallel = 1;
				LastSwiftUpdateCheck = 1420;
				LastUpgradeCheck = 1420;
				TargetAttributes = {
					D8924C0729C72010002322F2 = {
						CreatedOnToolsVersion = 14.2;
					};
				};
			};
			buildConfigurationList = D8924C0329C72010002322F2 /* Build configuration list for PBXProject "FoursquareClone" */;
			compatibilityVersion = "Xcode 14.0";
			developmentRegion = en;
			hasScannedForEncodings = 0;
			knownRegions = (
				en,
				Base,
			);
			mainGroup = D8924BFF29C72010002322F2;
			productRefGroup = D8924C0929C72010002322F2 /* Products */;
			projectDirPath = "";
			projectRoot = "";
			targets = (
				D8924C0729C72010002322F2 /* FoursquareClone */,
			);
		};
/* End PBXProject section */

/* Begin PBXResourcesBuildPhase section */
		D8924C0629C72010002322F2 /* Resources */ = {
			isa = PBXResourcesBuildPhase;
			buildActionMask = 2147483647;
			files = (
				D8924C1829C72011002322F2 /* LaunchScreen.storyboard in Resources */,
				D8924C1529C72011002322F2 /* Assets.xcassets in Resources */,
				D8924C1329C72010002322F2 /* Main.storyboard in Resources */,
			);
			runOnlyForDeploymentPostprocessing = 0;
		};
/* End PBXResourcesBuildPhase section */

/* Begin PBXShellScriptBuildPhase section */
		30BDEC6004A2341C01C0D64B /* [CP] Check Pods Manifest.lock */ = {
			isa = PBXShellScriptBuildPhase;
			buildActionMask = 2147483647;
			files = (
			);
			inputFileListPaths = (
			);
			inputPaths = (
				"${PODS_PODFILE_DIR_PATH}/Podfile.lock",
				"${PODS_ROOT}/Manifest.lock",
			);
			name = "[CP] Check Pods Manifest.lock";
			outputFileListPaths = (
			);
			outputPaths = (
				"$(DERIVED_FILE_DIR)/Pods-FoursquareClone-checkManifestLockResult.txt",
			);
			runOnlyForDeploymentPostprocessing = 0;
			shellPath = /bin/sh;
			shellScript = "diff \"${PODS_PODFILE_DIR_PATH}/Podfile.lock\" \"${PODS_ROOT}/Manifest.lock\" > /dev/null\nif [ $? != 0 ] ; then\n    # print error to STDERR\n    echo \"error: The sandbox is not in sync with the Podfile.lock. Run 'pod install' or update your CocoaPods installation.\" >&2\n    exit 1\nfi\n# This output is used by Xcode 'outputs' to avoid re-running this script phase.\necho \"SUCCESS\" > \"${SCRIPT_OUTPUT_FILE_0}\"\n";
			showEnvVarsInLog = 0;
		};
		ACD0F4BAE93B7D9211B35629 /* [CP] Embed Pods Frameworks */ = {
			isa = PBXShellScriptBuildPhase;
			buildActionMask = 2147483647;
			files = (
			);
			inputFileListPaths = (
				"${PODS_ROOT}/Target Support Files/Pods-FoursquareClone/Pods-FoursquareClone-frameworks-${CONFIGURATION}-input-files.xcfilelist",
			);
			name = "[CP] Embed Pods Frameworks";
			outputFileListPaths = (
				"${PODS_ROOT}/Target Support Files/Pods-FoursquareClone/Pods-FoursquareClone-frameworks-${CONFIGURATION}-output-files.xcfilelist",
			);
			runOnlyForDeploymentPostprocessing = 0;
			shellPath = /bin/sh;
			shellScript = "\"${PODS_ROOT}/Target Support Files/Pods-FoursquareClone/Pods-FoursquareClone-frameworks.sh\"\n";
			showEnvVarsInLog = 0;
		};
/* End PBXShellScriptBuildPhase section */

/* Begin PBXSourcesBuildPhase section */
		D8924C0429C72010002322F2 /* Sources */ = {
			isa = PBXSourcesBuildPhase;
			buildActionMask = 2147483647;
			files = (
				D8924C1029C72010002322F2 /* SignUpVC.swift in Sources */,
				D8924C2429C827AC002322F2 /* MapVC.swift in Sources */,
				D8924C0C29C72010002322F2 /* AppDelegate.swift in Sources */,
				D8924C2029C73714002322F2 /* PlacesVC.swift in Sources */,
				D8924C2629C9970A002322F2 /* DetailsVC.swift in Sources */,
				D8924C2229C73F15002322F2 /* AddPlaceVC.swift in Sources */,
				D8924C0E29C72010002322F2 /* SceneDelegate.swift in Sources */,
			);
			runOnlyForDeploymentPostprocessing = 0;
		};
/* End PBXSourcesBuildPhase section */

/* Begin PBXVariantGroup section */
		D8924C1129C72010002322F2 /* Main.storyboard */ = {
			isa = PBXVariantGroup;
			children = (
				D8924C1229C72010002322F2 /* Base */,
			);
			name = Main.storyboard;
			sourceTree = "<group>";
		};
		D8924C1629C72011002322F2 /* LaunchScreen.storyboard */ = {
			isa = PBXVariantGroup;
			children = (
				D8924C1729C72011002322F2 /* Base */,
			);
			name = LaunchScreen.storyboard;
			sourceTree = "<group>";
		};
/* End PBXVariantGroup section */

/* Begin XCBuildConfiguration section */
		D8924C1A29C72011002322F2 /* Debug */ = {
			isa = XCBuildConfiguration;
			buildSettings = {
				ALWAYS_SEARCH_USER_PATHS = NO;
				CLANG_ANALYZER_NONNULL = YES;
				CLANG_ANALYZER_NUMBER_OBJECT_CONVERSION = YES_AGGRESSIVE;
				CLANG_CXX_LANGUAGE_STANDARD = "gnu++20";
				CLANG_ENABLE_MODULES = YES;
				CLANG_ENABLE_OBJC_ARC = YES;
				CLANG_ENABLE_OBJC_WEAK = YES;
				CLANG_WARN_BLOCK_CAPTURE_AUTORELEASING = YES;
				CLANG_WARN_BOOL_CONVERSION = YES;
				CLANG_WARN_COMMA = YES;
				CLANG_WARN_CONSTANT_CONVERSION = YES;
				CLANG_WARN_DEPRECATED_OBJC_IMPLEMENTATIONS = YES;
				CLANG_WARN_DIRECT_OBJC_ISA_USAGE = YES_ERROR;
				CLANG_WARN_DOCUMENTATION_COMMENTS = YES;
				CLANG_WARN_EMPTY_BODY = YES;
				CLANG_WARN_ENUM_CONVERSION = YES;
				CLANG_WARN_INFINITE_RECURSION = YES;
				CLANG_WARN_INT_CONVERSION = YES;
				CLANG_WARN_NON_LITERAL_NULL_CONVERSION = YES;
				CLANG_WARN_OBJC_IMPLICIT_RETAIN_SELF = YES;
				CLANG_WARN_OBJC_LITERAL_CONVERSION = YES;
				CLANG_WARN_OBJC_ROOT_CLASS = YES_ERROR;
				CLANG_WARN_QUOTED_INCLUDE_IN_FRAMEWORK_HEADER = YES;
				CLANG_WARN_RANGE_LOOP_ANALYSIS = YES;
				CLANG_WARN_STRICT_PROTOTYPES = YES;
				CLANG_WARN_SUSPICIOUS_MOVE = YES;
				CLANG_WARN_UNGUARDED_AVAILABILITY = YES_AGGRESSIVE;
				CLANG_WARN_UNREACHABLE_CODE = YES;
				CLANG_WARN__DUPLICATE_METHOD_MATCH = YES;
				COPY_PHASE_STRIP = NO;
				DEBUG_INFORMATION_FORMAT = dwarf;
				ENABLE_STRICT_OBJC_MSGSEND = YES;
				ENABLE_TESTABILITY = YES;
				GCC_C_LANGUAGE_STANDARD = gnu11;
				GCC_DYNAMIC_NO_PIC = NO;
				GCC_NO_COMMON_BLOCKS = YES;
				GCC_OPTIMIZATION_LEVEL = 0;
				GCC_PREPROCESSOR_DEFINITIONS = (
					"DEBUG=1",
					"$(inherited)",
				);
				GCC_WARN_64_TO_32_BIT_CONVERSION = YES;
				GCC_WARN_ABOUT_RETURN_TYPE = YES_ERROR;
				GCC_WARN_UNDECLARED_SELECTOR = YES;
				GCC_WARN_UNINITIALIZED_AUTOS = YES_AGGRESSIVE;
				GCC_WARN_UNUSED_FUNCTION = YES;
				GCC_WARN_UNUSED_VARIABLE = YES;
				IPHONEOS_DEPLOYMENT_TARGET = 16.2;
				MTL_ENABLE_DEBUG_INFO = INCLUDE_SOURCE;
				MTL_FAST_MATH = YES;
				ONLY_ACTIVE_ARCH = YES;
				SDKROOT = iphoneos;
				SWIFT_ACTIVE_COMPILATION_CONDITIONS = DEBUG;
				SWIFT_OPTIMIZATION_LEVEL = "-Onone";
			};
			name = Debug;
		};
		D8924C1B29C72011002322F2 /* Release */ = {
			isa = XCBuildConfiguration;
			buildSettings = {
				ALWAYS_SEARCH_USER_PATHS = NO;
				CLANG_ANALYZER_NONNULL = YES;
				CLANG_ANALYZER_NUMBER_OBJECT_CONVERSION = YES_AGGRESSIVE;
				CLANG_CXX_LANGUAGE_STANDARD = "gnu++20";
				CLANG_ENABLE_MODULES = YES;
				CLANG_ENABLE_OBJC_ARC = YES;
				CLANG_ENABLE_OBJC_WEAK = YES;
				CLANG_WARN_BLOCK_CAPTURE_AUTORELEASING = YES;
				CLANG_WARN_BOOL_CONVERSION = YES;
				CLANG_WARN_COMMA = YES;
				CLANG_WARN_CONSTANT_CONVERSION = YES;
				CLANG_WARN_DEPRECATED_OBJC_IMPLEMENTATIONS = YES;
				CLANG_WARN_DIRECT_OBJC_ISA_USAGE = YES_ERROR;
				CLANG_WARN_DOCUMENTATION_COMMENTS = YES;
				CLANG_WARN_EMPTY_BODY = YES;
				CLANG_WARN_ENUM_CONVERSION = YES;
				CLANG_WARN_INFINITE_RECURSION = YES;
				CLANG_WARN_INT_CONVERSION = YES;
				CLANG_WARN_NON_LITERAL_NULL_CONVERSION = YES;
				CLANG_WARN_OBJC_IMPLICIT_RETAIN_SELF = YES;
				CLANG_WARN_OBJC_LITERAL_CONVERSION = YES;
				CLANG_WARN_OBJC_ROOT_CLASS = YES_ERROR;
				CLANG_WARN_QUOTED_INCLUDE_IN_FRAMEWORK_HEADER = YES;
				CLANG_WARN_RANGE_LOOP_ANALYSIS = YES;
				CLANG_WARN_STRICT_PROTOTYPES = YES;
				CLANG_WARN_SUSPICIOUS_MOVE = YES;
				CLANG_WARN_UNGUARDED_AVAILABILITY = YES_AGGRESSIVE;
				CLANG_WARN_UNREACHABLE_CODE = YES;
				CLANG_WARN__DUPLICATE_METHOD_MATCH = YES;
				COPY_PHASE_STRIP = NO;
				DEBUG_INFORMATION_FORMAT = "dwarf-with-dsym";
				ENABLE_NS_ASSERTIONS = NO;
				ENABLE_STRICT_OBJC_MSGSEND = YES;
				GCC_C_LANGUAGE_STANDARD = gnu11;
				GCC_NO_COMMON_BLOCKS = YES;
				GCC_WARN_64_TO_32_BIT_CONVERSION = YES;
				GCC_WARN_ABOUT_RETURN_TYPE = YES_ERROR;
				GCC_WARN_UNDECLARED_SELECTOR = YES;
				GCC_WARN_UNINITIALIZED_AUTOS = YES_AGGRESSIVE;
				GCC_WARN_UNUSED_FUNCTION = YES;
				GCC_WARN_UNUSED_VARIABLE = YES;
				IPHONEOS_DEPLOYMENT_TARGET = 16.2;
				MTL_ENABLE_DEBUG_INFO = NO;
				MTL_FAST_MATH = YES;
				SDKROOT = iphoneos;
				SWIFT_COMPILATION_MODE = wholemodule;
				SWIFT_OPTIMIZATION_LEVEL = "-O";
				VALIDATE_PRODUCT = YES;
			};
			name = Release;
		};
		D8924C1D29C72011002322F2 /* Debug */ = {
			isa = XCBuildConfiguration;
			baseConfigurationReference = A616DB3E3336FCA49814F07F /* Pods-FoursquareClone.debug.xcconfig */;
			buildSettings = {
				ASSETCATALOG_COMPILER_APPICON_NAME = AppIcon;
				ASSETCATALOG_COMPILER_GLOBAL_ACCENT_COLOR_NAME = AccentColor;
				CODE_SIGN_STYLE = Automatic;
				CURRENT_PROJECT_VERSION = 1;
				DEVELOPMENT_TEAM = 6V8RYTN3WC;
				GENERATE_INFOPLIST_FILE = YES;
				INFOPLIST_FILE = FoursquareClone/Info.plist;
				INFOPLIST_KEY_UIApplicationSupportsIndirectInputEvents = YES;
				INFOPLIST_KEY_UILaunchStoryboardName = LaunchScreen;
				INFOPLIST_KEY_UIMainStoryboardFile = Main;
				INFOPLIST_KEY_UISupportedInterfaceOrientations_iPad = "UIInterfaceOrientationPortrait UIInterfaceOrientationPortraitUpsideDown UIInterfaceOrientationLandscapeLeft UIInterfaceOrientationLandscapeRight";
				INFOPLIST_KEY_UISupportedInterfaceOrientations_iPhone = "UIInterfaceOrientationPortrait UIInterfaceOrientationLandscapeLeft UIInterfaceOrientationLandscapeRight";
				LD_RUNPATH_SEARCH_PATHS = (
					"$(inherited)",
					"@executable_path/Frameworks",
				);
				MARKETING_VERSION = 1.0;
				PRODUCT_BUNDLE_IDENTIFIER = com.kocakaysegul.FoursquareClone;
				PRODUCT_NAME = "$(TARGET_NAME)";
				SWIFT_EMIT_LOC_STRINGS = YES;
				SWIFT_VERSION = 5.0;
				TARGETED_DEVICE_FAMILY = "1,2";
			};
			name = Debug;
		};
		D8924C1E29C72011002322F2 /* Release */ = {
			isa = XCBuildConfiguration;
			baseConfigurationReference = A60521C4E43DA9CB4D6E226E /* Pods-FoursquareClone.release.xcconfig */;
			buildSettings = {
				ASSETCATALOG_COMPILER_APPICON_NAME = AppIcon;
				ASSETCATALOG_COMPILER_GLOBAL_ACCENT_COLOR_NAME = AccentColor;
				CODE_SIGN_STYLE = Automatic;
				CURRENT_PROJECT_VERSION = 1;
				DEVELOPMENT_TEAM = 6V8RYTN3WC;
				GENERATE_INFOPLIST_FILE = YES;
				INFOPLIST_FILE = FoursquareClone/Info.plist;
				INFOPLIST_KEY_UIApplicationSupportsIndirectInputEvents = YES;
				INFOPLIST_KEY_UILaunchStoryboardName = LaunchScreen;
				INFOPLIST_KEY_UIMainStoryboardFile = Main;
				INFOPLIST_KEY_UISupportedInterfaceOrientations_iPad = "UIInterfaceOrientationPortrait UIInterfaceOrientationPortraitUpsideDown UIInterfaceOrientationLandscapeLeft UIInterfaceOrientationLandscapeRight";
				INFOPLIST_KEY_UISupportedInterfaceOrientations_iPhone = "UIInterfaceOrientationPortrait UIInterfaceOrientationLandscapeLeft UIInterfaceOrientationLandscapeRight";
				LD_RUNPATH_SEARCH_PATHS = (
					"$(inherited)",
					"@executable_path/Frameworks",
				);
				MARKETING_VERSION = 1.0;
				PRODUCT_BUNDLE_IDENTIFIER = com.kocakaysegul.FoursquareClone;
				PRODUCT_NAME = "$(TARGET_NAME)";
				SWIFT_EMIT_LOC_STRINGS = YES;
				SWIFT_VERSION = 5.0;
				TARGETED_DEVICE_FAMILY = "1,2";
			};
			name = Release;
		};
/* End XCBuildConfiguration section */

/* Begin XCConfigurationList section */
		D8924C0329C72010002322F2 /* Build configuration list for PBXProject "FoursquareClone" */ = {
			isa = XCConfigurationList;
			buildConfigurations = (
				D8924C1A29C72011002322F2 /* Debug */,
				D8924C1B29C72011002322F2 /* Release */,
			);
			defaultConfigurationIsVisible = 0;
			defaultConfigurationName = Release;
		};
		D8924C1C29C72011002322F2 /* Build configuration list for PBXNativeTarget "FoursquareClone" */ = {
			isa = XCConfigurationList;
			buildConfigurations = (
				D8924C1D29C72011002322F2 /* Debug */,
				D8924C1E29C72011002322F2 /* Release */,
			);
			defaultConfigurationIsVisible = 0;
			defaultConfigurationName = Release;
		};
/* End XCConfigurationList section */
	};
	rootObject = D8924C0029C72010002322F2 /* Project object */;
}
